{
  "originHash" : "771d55ffc88574de0200b02d12346b44e820d00d0c95cc27bef61d98945b5c50",
  "pins" : [
    {
      "identity" : "swift-argument-parser",
      "kind" : "remoteSourceControl",
      "location" : "https://github.com/apple/swift-argument-parser",
      "state" : {
        "revision" : "626b5b7b2f45e1b0b1c6f4a309296d1d21d7311b",
        "version" : "1.7.1"
      }
    },
    {
      "identity" : "swiftterm",
      "kind" : "remoteSourceControl",
      "location" : "https://github.com/wuuJiawei/SwiftTerm",
      "state" : {
        "revision" : "4f632d1c60be15ad70152b006cb8679fc81c764f"
      }
    }
  ],
  "version" : 3
}
