// !$*UTF8*$!
{
	archiveVersion = 1;
	classes = {
	};
	objectVersion = 46;
	objects = {

/* Begin PBXBuildFile section */
		0094C629E4BA0781CDB48185 /* ScreenBuffer.swift in Sources */ = {isa = PBXBuildFile; fileRef = A765C5297F1DB2F450FCB4F2 /* ScreenBuffer.swift */; };
		01070D909622F00668CDCF6C /* MockSSHClient.swift in Sources */ = {isa = PBXBuildFile; fileRef = 19A24A28F34BA451A8BFA6D4 /* MockSSHClient.swift */; };
		01759E31931AD97BE4EB311B /* TerminalLine.swift in Sources */ = {isa = PBXBuildFile; fileRef = 443CBFD92F6DD9A9EE528081 /* TerminalLine.swift */; };
		01DBBD6AEAABD3FD6B102CBA /* QuartzCore.framework in Frameworks */ = {isa = PBXBuildFile; fileRef = 9D294464A275B3B19B378793 /* QuartzCore.framework */; };
		0246E7DEF0E5FEDD9D655CF5 /* libRemoraTerminal.a in Frameworks */ = {isa = PBXBuildFile; fileRef = 7A3E4FB67A287F7C8F54683D /* libRemoraTerminal.a */; };
		04F3FAA182A4DB537EAA9E68 /* CredentialStore.swift in Sources */ = {isa = PBXBuildFile; fileRef = D9E89D0D84728A6DB1D7FA3E /* CredentialStore.swift */; };
		0E419739E43605B6D3E3C72A /* AppAppearance.swift in Sources */ = {isa = PBXBuildFile; fileRef = 04B598B2E5B5CB2A4D8140C4 /* AppAppearance.swift */; };
		0ED9A3DE8DA42B9497189BE9 /* L10n.swift in Sources */ = {isa = PBXBuildFile; fileRef = E7A1AB55E62348F6C4DF3985 /* L10n.swift */; };
		12E0F764401B23715C3F0036 /* RemoteTextEditorViewModel.swift in Sources */ = {isa = PBXBuildFile; fileRef = 2FF4903A11F492B321439BF0 /* RemoteTextEditorViewModel.swift */; };
		158869D67CF1C786305579BF /* ConnectionInfoPasswordCopyConsentGate.swift in Sources */ = {isa = PBXBuildFile; fileRef = D0CBAC6513041C6DB492A8F0 /* ConnectionInfoPasswordCopyConsentGate.swift */; };
		18352CDF2318438B04FA388F /* PasswordSaveConsentGate.swift in Sources */ = {isa = PBXBuildFile; fileRef = FA76D2C9875830BB0DC6B4CF /* PasswordSaveConsentGate.swift */; };
		18EB9EE28B8D56F7CC54416F /* WorkspaceViewModel.swift in Sources */ = {isa = PBXBuildFile; fileRef = 3941594D0EEC21AF95834752 /* WorkspaceViewModel.swift */; };
		19A19B68A7FBC5C7B184A1A1 /* HostConnectionImporter.swift in Sources */ = {isa = PBXBuildFile; fileRef = 4D3870ACD2B541B56D80E295 /* HostConnectionImporter.swift */; };
		1B4185781B0841C65F55C83C /* libRemoraCore.a in Frameworks */ = {isa = PBXBuildFile; fileRef = 183C9C7A48916EAE405DD3B9 /* libRemoraCore.a */; };
		2388BE257F6844AFB54C9E86 /* HostCatalog.swift in Sources */ = {isa = PBXBuildFile; fileRef = A9AF75663F2A4DCBD0413E95 /* HostCatalog.swift */; };
		23A219C679E2C014E8765A27 /* ServerMetricsCenter.swift in Sources */ = {isa = PBXBuildFile; fileRef = 2EBA1D8862250A2CAD986790 /* ServerMetricsCenter.swift */; };
		23C060F06F845FCAAE2D4854 /* HostConnectionExporter.swift in Sources */ = {isa = PBXBuildFile; fileRef = FFF289A9DF3B5FCB20FAEF20 /* HostConnectionExporter.swift */; };
		27E6612929F35DDB47947090 /* Host.swift in Sources */ = {isa = PBXBuildFile; fileRef = 957310D44A3B300D0B0CE8C0 /* Host.swift */; };
		2EAE5632BFEB7DD5C5A8055D /* ByteSizeFormatter.swift in Sources */ = {isa = PBXBuildFile; fileRef = BCB4CEF41D230D3CB157CB37 /* ByteSizeFormatter.swift */; };
		334F65DB5080475BA0FE404F /* TerminalCell.swift in Sources */ = {isa = PBXBuildFile; fileRef = ABE11E6DDF4C4FF7B5C8466E /* TerminalCell.swift */; };
		349D816981AE8E516D82D0A2 /* Cocoa.framework in Frameworks */ = {isa = PBXBuildFile; fileRef = 4952D3353AD1387ED33E5BF3 /* Cocoa.framework */; };
		35237FBE02D47616D825BD62 /* DisconnectedSFTPClient.swift in Sources */ = {isa = PBXBuildFile; fileRef = 2474CDC1A77947526B860124 /* DisconnectedSFTPClient.swift */; };
		3A3D99FF01566772FA8D5CA1 /* Security.framework in Frameworks */ = {isa = PBXBuildFile; fileRef = 7EA02452C747AA53AE92AAFC /* Security.framework */; };
		4152D36087784CDC0431A86D /* TerminalSessionDescriptor.swift in Sources */ = {isa = PBXBuildFile; fileRef = B7FB6152BE124955ED15FF6A /* TerminalSessionDescriptor.swift */; };
		46F9C89C42CB79A158B84941 /* ServerStatusWindow.swift in Sources */ = {isa = PBXBuildFile; fileRef = 2A43194F6A018EDA8625B889 /* ServerStatusWindow.swift */; };
		4E7BABFE14AF325E33FF6557 /* RemoteListSelection.swift in Sources */ = {isa = PBXBuildFile; fileRef = B4367878421355A8E0BC3009 /* RemoteListSelection.swift */; };
		5764A3C20F106130324AE57B /* RemoteFileModels.swift in Sources */ = {isa = PBXBuildFile; fileRef = 9843659EACA521BE83C59A58 /* RemoteFileModels.swift */; };
		5886E3EFBB202828F6043B5B /* TransferCenter.swift in Sources */ = {isa = PBXBuildFile; fileRef = 5120BF1942D71D6DDA8BB72C /* TransferCenter.swift */; };
		5D8B90DDA4C7006810A01786 /* LocalShellClient.swift in Sources */ = {isa = PBXBuildFile; fileRef = 0664B027F5DEF362DFE4AD15 /* LocalShellClient.swift */; };
		656B52A8B6B6592F15629769 /* ANSIParser.swift in Sources */ = {isa = PBXBuildFile; fileRef = A2269B9FC5D739BC732ABB42 /* ANSIParser.swift */; };
		65FFD40C8E259E6F7177C939 /* LocalizationHelpers.swift in Sources */ = {isa = PBXBuildFile; fileRef = 13D084723235DF305AD14936 /* LocalizationHelpers.swift */; };
		69836AB84FC3C351470B6A65 /* RemoteDropRouting.swift in Sources */ = {isa = PBXBuildFile; fileRef = C01BCAE8D56235DDCD432339 /* RemoteDropRouting.swift */; };
		698A52243CAFC58C7069F09D /* HostConnectionImportSource.swift in Sources */ = {isa = PBXBuildFile; fileRef = 6367A2F3C908D23EE4D67594 /* HostConnectionImportSource.swift */; };
		6A7420C11B9DD34547B3F57A /* TerminalPaneView.swift in Sources */ = {isa = PBXBuildFile; fileRef = 7D844D5F551EDAC4F2C70BD8 /* TerminalPaneView.swift */; };
		6E3DCE094B5FDE1779EB8C9B /* TerminalInputMapper.swift in Sources */ = {isa = PBXBuildFile; fileRef = 5C29386C09ADB8EECD252D0D /* TerminalInputMapper.swift */; };
		72F0E903D86ED03EDFF55710 /* VisualStyle.swift in Sources */ = {isa = PBXBuildFile; fileRef = 65FCB302382AD607E65F19A7 /* VisualStyle.swift */; };
		74BF3D09880784720BDC4E20 /* FileManagerPanelView.swift in Sources */ = {isa = PBXBuildFile; fileRef = DF393D1E4079FB2396EA1DC3 /* FileManagerPanelView.swift */; };
		7D9436F0DEEB67251C0D96C8 /* libRemoraCore.a in Frameworks */ = {isa = PBXBuildFile; fileRef = 183C9C7A48916EAE405DD3B9 /* libRemoraCore.a */; };
		83D207B319D08FF6586EF409 /* HostKeyStore.swift in Sources */ = {isa = PBXBuildFile; fileRef = 25F6DCCD606D760AA446C2C2 /* HostKeyStore.swift */; };
		854C2215F72BACEFAD1AC9BB /* TerminalRuntime.swift in Sources */ = {isa = PBXBuildFile; fileRef = 0D10750E7B68B5EA2F61695D /* TerminalRuntime.swift */; };
		8B8F6434C3D2E246E640A25F /* RemoraSettingsSheet.swift in Sources */ = {isa = PBXBuildFile; fileRef = A7E996118A5B47AD2B2465CB /* RemoraSettingsSheet.swift */; };
		8BD17DBFB351AE727ACD27FA /* AppLanguage.swift in Sources */ = {isa = PBXBuildFile; fileRef = 825FEE45B504B6F884EF818E /* AppLanguage.swift */; };
		8C6AC2220D759DFED69C2213 /* SSHProtocols.swift in Sources */ = {isa = PBXBuildFile; fileRef = 8BE89918FF473FC6D3CCDCEA /* SSHProtocols.swift */; };
		9D58BA228D2C488893DCFFB7 /* HostConnectionClipboardBuilder.swift in Sources */ = {isa = PBXBuildFile; fileRef = E9B4F6F43749F374DD9C465A /* HostConnectionClipboardBuilder.swift */; };
		9E46AE584AEC3EB6D794F01E /* CoreText.framework in Frameworks */ = {isa = PBXBuildFile; fileRef = DF2F89B0DA28A10A82BB9C0F /* CoreText.framework */; };
		A37B603451D0568299DE426C /* CoreTextTerminalRenderer.swift in Sources */ = {isa = PBXBuildFile; fileRef = E08D99270D73862911E5C817 /* CoreTextTerminalRenderer.swift */; };
		A4765D638BC516937B7EB63B /* TerminalColor.swift in Sources */ = {isa = PBXBuildFile; fileRef = A2CEE48A611D0DF82EB273DF /* TerminalColor.swift */; };
		A4943A47045FDE7E999581CB /* FileTransferViewModel.swift in Sources */ = {isa = PBXBuildFile; fileRef = 81BDFC3D49EABBAC44F5178B /* FileTransferViewModel.swift */; };
		A578794FDD3684E4EBC427F5 /* Assets.xcassets in Resources */ = {isa = PBXBuildFile; fileRef = 3384DAA794A3AB0BAF40A9FE /* Assets.xcassets */; };
		A7115EB85F0C373C5ED751B8 /* SystemSSHClient.swift in Sources */ = {isa = PBXBuildFile; fileRef = E0A01F62B67131DA1B44D1E4 /* SystemSSHClient.swift */; };
		ACE5CCEE27373979DF55FE33 /* Localizable.strings in Resources */ = {isa = PBXBuildFile; fileRef = 8A3A15E54EDD038D1F52EB54 /* Localizable.strings */; };
		B17A16C8B9A9710C797E8951 /* FrameScheduler.swift in Sources */ = {isa = PBXBuildFile; fileRef = 3B5639ADA455214092AABED4 /* FrameScheduler.swift */; };
		B61E8CE28101200A0B9AEF57 /* AppKit.framework in Frameworks */ = {isa = PBXBuildFile; fileRef = 7248D3B87C687710DA0A8B49 /* AppKit.framework */; };
		B7627620B9EF4D94C01B5718 /* AppKeyboardShortcuts.swift in Sources */ = {isa = PBXBuildFile; fileRef = 2EB17B648A9F26F397A0952D /* AppKeyboardShortcuts.swift */; };
		B7E534CF146B52B9FFA1FFAF /* SSHConnectionReuse.swift in Sources */ = {isa = PBXBuildFile; fileRef = D80E075751804A77573752F1 /* SSHConnectionReuse.swift */; };
		C22018DB3D56DDCFB0990B31 /* ContentView.swift in Sources */ = {isa = PBXBuildFile; fileRef = EFC1681DF4D988F11AF8E429 /* ContentView.swift */; };
		C25A99AECB9676EF34E6A29B /* RemoteTextEditorSheet.swift in Sources */ = {isa = PBXBuildFile; fileRef = 6028066B0A0BEAC7D359BC11 /* RemoteTextEditorSheet.swift */; };
		C446D425637CF08E3596B847 /* TerminalDirectorySyncBridge.swift in Sources */ = {isa = PBXBuildFile; fileRef = 8979CBF2E3EFCFAF1B73C002 /* TerminalDirectorySyncBridge.swift */; };
		C5A426F4C35539B4EFE378AB /* TerminalView.swift in Sources */ = {isa = PBXBuildFile; fileRef = A526949F343852996F72E57C /* TerminalView.swift */; };
		C8C1B44B07DD4AB21D61F397 /* RemoraAppMain.swift in Sources */ = {isa = PBXBuildFile; fileRef = F449FE5F6AF3340810BDBB42 /* RemoraAppMain.swift */; };
		C9F515F24D694264779CCB05 /* UnicodeCellWidth.swift in Sources */ = {isa = PBXBuildFile; fileRef = 62513E841169F0B0AF833710 /* UnicodeCellWidth.swift */; };
		CCF52E831B9DA1F074281E78 /* RemoteFilePropertiesViewModel.swift in Sources */ = {isa = PBXBuildFile; fileRef = 77A18FB7F170736A6835F4E7 /* RemoteFilePropertiesViewModel.swift */; };
		D8CF7B2F22802088F37D2B50 /* PerformanceMetrics.swift in Sources */ = {isa = PBXBuildFile; fileRef = 11DD8CE01CA822E196A59E42 /* PerformanceMetrics.swift */; };
		DAAE85722AFDF84A3E40AFAC /* AppKit.framework in Frameworks */ = {isa = PBXBuildFile; fileRef = 7248D3B87C687710DA0A8B49 /* AppKit.framework */; };
		DBAAD1418A11DA7EB95E95F8 /* SessionManagerProtocol.swift in Sources */ = {isa = PBXBuildFile; fileRef = 9B86082388B784D5A1CF9C2E /* SessionManagerProtocol.swift */; };
		DC5625601088568B9E059C63 /* SwiftUI.framework in Frameworks */ = {isa = PBXBuildFile; fileRef = D80C3AC03046F0678089B1F6 /* SwiftUI.framework */; };
		E6312E4853CEC5FA9A9A8326 /* SFTPProtocols.swift in Sources */ = {isa = PBXBuildFile; fileRef = 136595E04C14D067EFB09064 /* SFTPProtocols.swift */; };
		E7095776614B180ABD583FC4 /* RemoteFilePropertiesSheet.swift in Sources */ = {isa = PBXBuildFile; fileRef = C04ADA81D8214CDE2E9C636C /* RemoteFilePropertiesSheet.swift */; };
		EAF6D145C8E3C35D9C75B7B6 /* MockSFTPClient.swift in Sources */ = {isa = PBXBuildFile; fileRef = A4B824B28E2A8B213B100B7E /* MockSFTPClient.swift */; };
		ECA972588EC862321B69FC5B /* SessionManager.swift in Sources */ = {isa = PBXBuildFile; fileRef = 800FCF2C360541E7372AFF19 /* SessionManager.swift */; };
		F2087B0B6D01BB538C8800E9 /* SystemSFTPClient.swift in Sources */ = {isa = PBXBuildFile; fileRef = 2ED6AAC40BD52E2C78BCE005 /* SystemSFTPClient.swift */; };
		F48279FD56C863FA80E65F95 /* ScrollbackStore.swift in Sources */ = {isa = PBXBuildFile; fileRef = C59D887A5D76EC28117CF885 /* ScrollbackStore.swift */; };
		F79EC206E32226963408233D /* GlyphCache.swift in Sources */ = {isa = PBXBuildFile; fileRef = D7FF75364C8BBDF763F1A1EC /* GlyphCache.swift */; };
		FDB655955933DC21B220D0FC /* TerminalViewRepresentable.swift in Sources */ = {isa = PBXBuildFile; fileRef = 3FF92DD9B9F688FA4938491C /* TerminalViewRepresentable.swift */; };
		FDD5537774E1F3BA821A0AE0 /* HostCatalogPersistence.swift in Sources */ = {isa = PBXBuildFile; fileRef = C71B536B5383F84D91455275 /* HostCatalogPersistence.swift */; };
		FE7DD6DF18E61C4B776442F8 /* AppSettings.swift in Sources */ = {isa = PBXBuildFile; fileRef = E5CF50824DA0846E536F9EFA /* AppSettings.swift */; };
		FEB9A69C3B4ED074B9BFAAEB /* RingByteBuffer.swift in Sources */ = {isa = PBXBuildFile; fileRef = FA69FF4754E7BC415E0E3148 /* RingByteBuffer.swift */; };
/* End PBXBuildFile section */

/* Begin PBXContainerItemProxy section */
		2E7B72D40A475A2F222F3216 /* PBXContainerItemProxy */ = {
			isa = PBXContainerItemProxy;
			containerPortal = 7A206DFA4FE4D71F68EBBE52 /* Project object */;
			proxyType = 1;
			remoteGlobalIDString = 03E6A3FB0FC3892413B6B5FE;
			remoteInfo = RemoraTerminal;
		};
		843D04BEC4076DC702060329 /* PBXContainerItemProxy */ = {
			isa = PBXContainerItemProxy;
			containerPortal = 7A206DFA4FE4D71F68EBBE52 /* Project object */;
			proxyType = 1;
			remoteGlobalIDString = 46FCB69D528FCB5A97B7013E;
			remoteInfo = RemoraCore;
		};
		FA81DC79F44D0F1462F32BAC /* PBXContainerItemProxy */ = {
			isa = PBXContainerItemProxy;
			containerPortal = 7A206DFA4FE4D71F68EBBE52 /* Project object */;
			proxyType = 1;
			remoteGlobalIDString = 46FCB69D528FCB5A97B7013E;
			remoteInfo = RemoraCore;
		};
/* End PBXContainerItemProxy section */

/* Begin PBXFileReference section */
		04B598B2E5B5CB2A4D8140C4 /* AppAppearance.swift */ = {isa = PBXFileReference; includeInIndex = 1; lastKnownFileType = sourcecode.swift; path = AppAppearance.swift; sourceTree = "<group>"; };
		0664B027F5DEF362DFE4AD15 /* LocalShellClient.swift */ = {isa = PBXFileReference; includeInIndex = 1; lastKnownFileType = sourcecode.swift; name = LocalShellClient.swift; path = SSH/LocalShellClient.swift; sourceTree = "<group>"; };
		0D10750E7B68B5EA2F61695D /* TerminalRuntime.swift */ = {isa = PBXFileReference; includeInIndex = 1; lastKnownFileType = sourcecode.swift; path = TerminalRuntime.swift; sourceTree = "<group>"; };
		11DD8CE01CA822E196A59E42 /* PerformanceMetrics.swift */ = {isa = PBXFileReference; includeInIndex = 1; lastKnownFileType = sourcecode.swift; name = PerformanceMetrics.swift; path = Metrics/PerformanceMetrics.swift; sourceTree = "<group>"; };
		136595E04C14D067EFB09064 /* SFTPProtocols.swift */ = {isa = PBXFileReference; includeInIndex = 1; lastKnownFileType = sourcecode.swift; name = SFTPProtocols.swift; path = Protocols/SFTPProtocols.swift; sourceTree = "<group>"; };
		13D084723235DF305AD14936 /* LocalizationHelpers.swift */ = {isa = PBXFileReference; includeInIndex = 1; lastKnownFileType = sourcecode.swift; path = LocalizationHelpers.swift; sourceTree = "<group>"; };
		183C9C7A48916EAE405DD3B9 /* libRemoraCore.a */ = {isa = PBXFileReference; explicitFileType = archive.ar; includeInIndex = 0; path = libRemoraCore.a; sourceTree = BUILT_PRODUCTS_DIR; };
		19A24A28F34BA451A8BFA6D4 /* MockSSHClient.swift */ = {isa = PBXFileReference; includeInIndex = 1; lastKnownFileType = sourcecode.swift; name = MockSSHClient.swift; path = SSH/MockSSHClient.swift; sourceTree = "<group>"; };
		2474CDC1A77947526B860124 /* DisconnectedSFTPClient.swift */ = {isa = PBXFileReference; includeInIndex = 1; lastKnownFileType = sourcecode.swift; name = DisconnectedSFTPClient.swift; path = SFTP/DisconnectedSFTPClient.swift; sourceTree = "<group>"; };
		25F6DCCD606D760AA446C2C2 /* HostKeyStore.swift */ = {isa = PBXFileReference; includeInIndex = 1; lastKnownFileType = sourcecode.swift; name = HostKeyStore.swift; path = Security/HostKeyStore.swift; sourceTree = "<group>"; };
		2A43194F6A018EDA8625B889 /* ServerStatusWindow.swift */ = {isa = PBXFileReference; includeInIndex = 1; lastKnownFileType = sourcecode.swift; path = ServerStatusWindow.swift; sourceTree = "<group>"; };
		2EB17B648A9F26F397A0952D /* AppKeyboardShortcuts.swift */ = {isa = PBXFileReference; includeInIndex = 1; lastKnownFileType = sourcecode.swift; path = AppKeyboardShortcuts.swift; sourceTree = "<group>"; };
		2EBA1D8862250A2CAD986790 /* ServerMetricsCenter.swift */ = {isa = PBXFileReference; includeInIndex = 1; lastKnownFileType = sourcecode.swift; path = ServerMetricsCenter.swift; sourceTree = "<group>"; };
		2ED6AAC40BD52E2C78BCE005 /* SystemSFTPClient.swift */ = {isa = PBXFileReference; includeInIndex = 1; lastKnownFileType = sourcecode.swift; name = SystemSFTPClient.swift; path = SFTP/SystemSFTPClient.swift; sourceTree = "<group>"; };
		2FF4903A11F492B321439BF0 /* RemoteTextEditorViewModel.swift */ = {isa = PBXFileReference; includeInIndex = 1; lastKnownFileType = sourcecode.swift; path = RemoteTextEditorViewModel.swift; sourceTree = "<group>"; };
		3384DAA794A3AB0BAF40A9FE /* Assets.xcassets */ = {isa = PBXFileReference; includeInIndex = 1; lastKnownFileType = folder.assetcatalog; path = Assets.xcassets; sourceTree = "<group>"; };
		3941594D0EEC21AF95834752 /* WorkspaceViewModel.swift */ = {isa = PBXFileReference; includeInIndex = 1; lastKnownFileType = sourcecode.swift; path = WorkspaceViewModel.swift; sourceTree = "<group>"; };
		3B5639ADA455214092AABED4 /* FrameScheduler.swift */ = {isa = PBXFileReference; includeInIndex = 1; lastKnownFileType = sourcecode.swift; name = FrameScheduler.swift; path = Scheduler/FrameScheduler.swift; sourceTree = "<group>"; };
		3F1F55C14867EFEAECC3E857 /* package_macos.sh */ = {isa = PBXFileReference; includeInIndex = 1; lastKnownFileType = text.script.sh; name = package_macos.sh; path = scripts/package_macos.sh; sourceTree = "<group>"; };
		3FF92DD9B9F688FA4938491C /* TerminalViewRepresentable.swift */ = {isa = PBXFileReference; includeInIndex = 1; lastKnownFileType = sourcecode.swift; path = TerminalViewRepresentable.swift; sourceTree = "<group>"; };
		443CBFD92F6DD9A9EE528081 /* TerminalLine.swift */ = {isa = PBXFileReference; includeInIndex = 1; lastKnownFileType = sourcecode.swift; name = TerminalLine.swift; path = Model/TerminalLine.swift; sourceTree = "<group>"; };
		4952D3353AD1387ED33E5BF3 /* Cocoa.framework */ = {isa = PBXFileReference; lastKnownFileType = wrapper.framework; name = Cocoa.framework; path = Platforms/MacOSX.platform/Developer/SDKs/MacOSX10.15.sdk/System/Library/Frameworks/Cocoa.framework; sourceTree = DEVELOPER_DIR; };
		4D3870ACD2B541B56D80E295 /* HostConnectionImporter.swift */ = {isa = PBXFileReference; includeInIndex = 1; lastKnownFileType = sourcecode.swift; path = HostConnectionImporter.swift; sourceTree = "<group>"; };
		5120BF1942D71D6DDA8BB72C /* TransferCenter.swift */ = {isa = PBXFileReference; includeInIndex = 1; lastKnownFileType = sourcecode.swift; path = TransferCenter.swift; sourceTree = "<group>"; };
		5C29386C09ADB8EECD252D0D /* TerminalInputMapper.swift */ = {isa = PBXFileReference; includeInIndex = 1; lastKnownFileType = sourcecode.swift; name = TerminalInputMapper.swift; path = Input/TerminalInputMapper.swift; sourceTree = "<group>"; };
		6028066B0A0BEAC7D359BC11 /* RemoteTextEditorSheet.swift */ = {isa = PBXFileReference; includeInIndex = 1; lastKnownFileType = sourcecode.swift; path = RemoteTextEditorSheet.swift; sourceTree = "<group>"; };
		62513E841169F0B0AF833710 /* UnicodeCellWidth.swift */ = {isa = PBXFileReference; includeInIndex = 1; lastKnownFileType = sourcecode.swift; name = UnicodeCellWidth.swift; path = Model/UnicodeCellWidth.swift; sourceTree = "<group>"; };
		6367A2F3C908D23EE4D67594 /* HostConnectionImportSource.swift */ = {isa = PBXFileReference; includeInIndex = 1; lastKnownFileType = sourcecode.swift; path = HostConnectionImportSource.swift; sourceTree = "<group>"; };
		65FCB302382AD607E65F19A7 /* VisualStyle.swift */ = {isa = PBXFileReference; includeInIndex = 1; lastKnownFileType = sourcecode.swift; path = VisualStyle.swift; sourceTree = "<group>"; };
		7248D3B87C687710DA0A8B49 /* AppKit.framework */ = {isa = PBXFileReference; lastKnownFileType = wrapper.framework; name = AppKit.framework; path = Platforms/MacOSX.platform/Developer/SDKs/MacOSX10.15.sdk/System/Library/Frameworks/AppKit.framework; sourceTree = DEVELOPER_DIR; };
		77A18FB7F170736A6835F4E7 /* RemoteFilePropertiesViewModel.swift */ = {isa = PBXFileReference; includeInIndex = 1; lastKnownFileType = sourcecode.swift; path = RemoteFilePropertiesViewModel.swift; sourceTree = "<group>"; };
		7A3E4FB67A287F7C8F54683D /* libRemoraTerminal.a */ = {isa = PBXFileReference; explicitFileType = archive.ar; includeInIndex = 0; path = libRemoraTerminal.a; sourceTree = BUILT_PRODUCTS_DIR; };
		7D844D5F551EDAC4F2C70BD8 /* TerminalPaneView.swift */ = {isa = PBXFileReference; includeInIndex = 1; lastKnownFileType = sourcecode.swift; path = TerminalPaneView.swift; sourceTree = "<group>"; };
		7EA02452C747AA53AE92AAFC /* Security.framework */ = {isa = PBXFileReference; lastKnownFileType = wrapper.framework; name = Security.framework; path = Platforms/MacOSX.platform/Developer/SDKs/MacOSX10.15.sdk/System/Library/Frameworks/Security.framework; sourceTree = DEVELOPER_DIR; };
		800FCF2C360541E7372AFF19 /* SessionManager.swift */ = {isa = PBXFileReference; includeInIndex = 1; lastKnownFileType = sourcecode.swift; name = SessionManager.swift; path = Session/SessionManager.swift; sourceTree = "<group>"; };
		81BDFC3D49EABBAC44F5178B /* FileTransferViewModel.swift */ = {isa = PBXFileReference; includeInIndex = 1; lastKnownFileType = sourcecode.swift; path = FileTransferViewModel.swift; sourceTree = "<group>"; };
		825FEE45B504B6F884EF818E /* AppLanguage.swift */ = {isa = PBXFileReference; includeInIndex = 1; lastKnownFileType = sourcecode.swift; path = AppLanguage.swift; sourceTree = "<group>"; };
		8979CBF2E3EFCFAF1B73C002 /* TerminalDirectorySyncBridge.swift */ = {isa = PBXFileReference; includeInIndex = 1; lastKnownFileType = sourcecode.swift; path = TerminalDirectorySyncBridge.swift; sourceTree = "<group>"; };
		8BE89918FF473FC6D3CCDCEA /* SSHProtocols.swift */ = {isa = PBXFileReference; includeInIndex = 1; lastKnownFileType = sourcecode.swift; name = SSHProtocols.swift; path = Protocols/SSHProtocols.swift; sourceTree = "<group>"; };
		957310D44A3B300D0B0CE8C0 /* Host.swift */ = {isa = PBXFileReference; includeInIndex = 1; lastKnownFileType = sourcecode.swift; name = Host.swift; path = Models/Host.swift; sourceTree = "<group>"; };
		9843659EACA521BE83C59A58 /* RemoteFileModels.swift */ = {isa = PBXFileReference; includeInIndex = 1; lastKnownFileType = sourcecode.swift; name = RemoteFileModels.swift; path = Models/RemoteFileModels.swift; sourceTree = "<group>"; };
		9B86082388B784D5A1CF9C2E /* SessionManagerProtocol.swift */ = {isa = PBXFileReference; includeInIndex = 1; lastKnownFileType = sourcecode.swift; name = SessionManagerProtocol.swift; path = Protocols/SessionManagerProtocol.swift; sourceTree = "<group>"; };
		9D294464A275B3B19B378793 /* QuartzCore.framework */ = {isa = PBXFileReference; lastKnownFileType = wrapper.framework; name = QuartzCore.framework; path = Platforms/MacOSX.platform/Developer/SDKs/MacOSX10.15.sdk/System/Library/Frameworks/QuartzCore.framework; sourceTree = DEVELOPER_DIR; };
		A2269B9FC5D739BC732ABB42 /* ANSIParser.swift */ = {isa = PBXFileReference; includeInIndex = 1; lastKnownFileType = sourcecode.swift; name = ANSIParser.swift; path = ANSI/ANSIParser.swift; sourceTree = "<group>"; };
		A2CEE48A611D0DF82EB273DF /* TerminalColor.swift */ = {isa = PBXFileReference; includeInIndex = 1; lastKnownFileType = sourcecode.swift; name = TerminalColor.swift; path = Model/TerminalColor.swift; sourceTree = "<group>"; };
		A4B824B28E2A8B213B100B7E /* MockSFTPClient.swift */ = {isa = PBXFileReference; includeInIndex = 1; lastKnownFileType = sourcecode.swift; name = MockSFTPClient.swift; path = SFTP/MockSFTPClient.swift; sourceTree = "<group>"; };
		A526949F343852996F72E57C /* TerminalView.swift */ = {isa = PBXFileReference; includeInIndex = 1; lastKnownFileType = sourcecode.swift; name = TerminalView.swift; path = View/TerminalView.swift; sourceTree = "<group>"; };
		A765C5297F1DB2F450FCB4F2 /* ScreenBuffer.swift */ = {isa = PBXFileReference; includeInIndex = 1; lastKnownFileType = sourcecode.swift; name = ScreenBuffer.swift; path = Model/ScreenBuffer.swift; sourceTree = "<group>"; };
		A7E996118A5B47AD2B2465CB /* RemoraSettingsSheet.swift */ = {isa = PBXFileReference; includeInIndex = 1; lastKnownFileType = sourcecode.swift; path = RemoraSettingsSheet.swift; sourceTree = "<group>"; };
		A9AF75663F2A4DCBD0413E95 /* HostCatalog.swift */ = {isa = PBXFileReference; includeInIndex = 1; lastKnownFileType = sourcecode.swift; path = HostCatalog.swift; sourceTree = "<group>"; };
		ABE11E6DDF4C4FF7B5C8466E /* TerminalCell.swift */ = {isa = PBXFileReference; includeInIndex = 1; lastKnownFileType = sourcecode.swift; name = TerminalCell.swift; path = Model/TerminalCell.swift; sourceTree = "<group>"; };
		B4367878421355A8E0BC3009 /* RemoteListSelection.swift */ = {isa = PBXFileReference; includeInIndex = 1; lastKnownFileType = sourcecode.swift; path = RemoteListSelection.swift; sourceTree = "<group>"; };
		B7FB6152BE124955ED15FF6A /* TerminalSessionDescriptor.swift */ = {isa = PBXFileReference; includeInIndex = 1; lastKnownFileType = sourcecode.swift; name = TerminalSessionDescriptor.swift; path = Models/TerminalSessionDescriptor.swift; sourceTree = "<group>"; };
		BCB4CEF41D230D3CB157CB37 /* ByteSizeFormatter.swift */ = {isa = PBXFileReference; includeInIndex = 1; lastKnownFileType = sourcecode.swift; path = ByteSizeFormatter.swift; sourceTree = "<group>"; };
		C01BCAE8D56235DDCD432339 /* RemoteDropRouting.swift */ = {isa = PBXFileReference; includeInIndex = 1; lastKnownFileType = sourcecode.swift; path = RemoteDropRouting.swift; sourceTree = "<group>"; };
		C04ADA81D8214CDE2E9C636C /* RemoteFilePropertiesSheet.swift */ = {isa = PBXFileReference; includeInIndex = 1; lastKnownFileType = sourcecode.swift; path = RemoteFilePropertiesSheet.swift; sourceTree = "<group>"; };
		C4565DD32E4B4715F2C642EB /* Localizable.strings */ = {isa = PBXFileReference; includeInIndex = 1; lastKnownFileType = text.plist.strings; name = Localizable.strings; path = en.lproj/Localizable.strings; sourceTree = "<group>"; };
		C59D887A5D76EC28117CF885 /* ScrollbackStore.swift */ = {isa = PBXFileReference; includeInIndex = 1; lastKnownFileType = sourcecode.swift; name = ScrollbackStore.swift; path = Model/ScrollbackStore.swift; sourceTree = "<group>"; };
		C71B536B5383F84D91455275 /* HostCatalogPersistence.swift */ = {isa = PBXFileReference; includeInIndex = 1; lastKnownFileType = sourcecode.swift; path = HostCatalogPersistence.swift; sourceTree = "<group>"; };
		C8B27AE76476599F0E94E63C /* Localizable.strings */ = {isa = PBXFileReference; includeInIndex = 1; lastKnownFileType = text.plist.strings; name = Localizable.strings; path = "zh-Hans.lproj/Localizable.strings"; sourceTree = "<group>"; };
		D0CBAC6513041C6DB492A8F0 /* ConnectionInfoPasswordCopyConsentGate.swift */ = {isa = PBXFileReference; includeInIndex = 1; lastKnownFileType = sourcecode.swift; path = ConnectionInfoPasswordCopyConsentGate.swift; sourceTree = "<group>"; };
		D6EF1F1A7A7270D97692902D /* Remora.app */ = {isa = PBXFileReference; explicitFileType = wrapper.application; includeInIndex = 0; path = Remora.app; sourceTree = BUILT_PRODUCTS_DIR; };
		D7FF75364C8BBDF763F1A1EC /* GlyphCache.swift */ = {isa = PBXFileReference; includeInIndex = 1; lastKnownFileType = sourcecode.swift; name = GlyphCache.swift; path = Rendering/GlyphCache.swift; sourceTree = "<group>"; };
		D80C3AC03046F0678089B1F6 /* SwiftUI.framework */ = {isa = PBXFileReference; lastKnownFileType = wrapper.framework; name = SwiftUI.framework; path = Platforms/MacOSX.platform/Developer/SDKs/MacOSX10.15.sdk/System/Library/Frameworks/SwiftUI.framework; sourceTree = DEVELOPER_DIR; };
		D80E075751804A77573752F1 /* SSHConnectionReuse.swift */ = {isa = PBXFileReference; includeInIndex = 1; lastKnownFileType = sourcecode.swift; name = SSHConnectionReuse.swift; path = SSH/SSHConnectionReuse.swift; sourceTree = "<group>"; };
		D9E89D0D84728A6DB1D7FA3E /* CredentialStore.swift */ = {isa = PBXFileReference; includeInIndex = 1; lastKnownFileType = sourcecode.swift; name = CredentialStore.swift; path = Security/CredentialStore.swift; sourceTree = "<group>"; };
		DF2F89B0DA28A10A82BB9C0F /* CoreText.framework */ = {isa = PBXFileReference; lastKnownFileType = wrapper.framework; name = CoreText.framework; path = Platforms/MacOSX.platform/Developer/SDKs/MacOSX10.15.sdk/System/Library/Frameworks/CoreText.framework; sourceTree = DEVELOPER_DIR; };
		DF393D1E4079FB2396EA1DC3 /* FileManagerPanelView.swift */ = {isa = PBXFileReference; includeInIndex = 1; lastKnownFileType = sourcecode.swift; path = FileManagerPanelView.swift; sourceTree = "<group>"; };
		E08D99270D73862911E5C817 /* CoreTextTerminalRenderer.swift */ = {isa = PBXFileReference; includeInIndex = 1; lastKnownFileType = sourcecode.swift; name = CoreTextTerminalRenderer.swift; path = Rendering/CoreTextTerminalRenderer.swift; sourceTree = "<group>"; };
		E0A01F62B67131DA1B44D1E4 /* SystemSSHClient.swift */ = {isa = PBXFileReference; includeInIndex = 1; lastKnownFileType = sourcecode.swift; name = SystemSSHClient.swift; path = SSH/SystemSSHClient.swift; sourceTree = "<group>"; };
		E5CF50824DA0846E536F9EFA /* AppSettings.swift */ = {isa = PBXFileReference; includeInIndex = 1; lastKnownFileType = sourcecode.swift; path = AppSettings.swift; sourceTree = "<group>"; };
		E7A1AB55E62348F6C4DF3985 /* L10n.swift */ = {isa = PBXFileReference; includeInIndex = 1; lastKnownFileType = sourcecode.swift; path = L10n.swift; sourceTree = "<group>"; };
		E9B4F6F43749F374DD9C465A /* HostConnectionClipboardBuilder.swift */ = {isa = PBXFileReference; includeInIndex = 1; lastKnownFileType = sourcecode.swift; path = HostConnectionClipboardBuilder.swift; sourceTree = "<group>"; };
		EFC1681DF4D988F11AF8E429 /* ContentView.swift */ = {isa = PBXFileReference; includeInIndex = 1; lastKnownFileType = sourcecode.swift; path = ContentView.swift; sourceTree = "<group>"; };
		F449FE5F6AF3340810BDBB42 /* RemoraAppMain.swift */ = {isa = PBXFileReference; includeInIndex = 1; lastKnownFileType = sourcecode.swift; path = RemoraAppMain.swift; sourceTree = "<group>"; };
		FA69FF4754E7BC415E0E3148 /* RingByteBuffer.swift */ = {isa = PBXFileReference; includeInIndex = 1; lastKnownFileType = sourcecode.swift; name = RingByteBuffer.swift; path = IO/RingByteBuffer.swift; sourceTree = "<group>"; };
		FA76D2C9875830BB0DC6B4CF /* PasswordSaveConsentGate.swift */ = {isa = PBXFileReference; includeInIndex = 1; lastKnownFileType = sourcecode.swift; path = PasswordSaveConsentGate.swift; sourceTree = "<group>"; };
		FFF289A9DF3B5FCB20FAEF20 /* HostConnectionExporter.swift */ = {isa = PBXFileReference; includeInIndex = 1; lastKnownFileType = sourcecode.swift; path = HostConnectionExporter.swift; sourceTree = "<group>"; };
/* End PBXFileReference section */

/* Begin PBXFrameworksBuildPhase section */
		270410C653E23E2552BA45F1 /* Frameworks */ = {
			isa = PBXFrameworksBuildPhase;
			buildActionMask = 2147483647;
			files = (
				7D9436F0DEEB67251C0D96C8 /* libRemoraCore.a in Frameworks */,
				B61E8CE28101200A0B9AEF57 /* AppKit.framework in Frameworks */,
				9E46AE584AEC3EB6D794F01E /* CoreText.framework in Frameworks */,
				01DBBD6AEAABD3FD6B102CBA /* QuartzCore.framework in Frameworks */,
			);
			runOnlyForDeploymentPostprocessing = 0;
		};
		6D571DE950C36E651749C2D0 /* Frameworks */ = {
			isa = PBXFrameworksBuildPhase;
			buildActionMask = 2147483647;
			files = (
				3A3D99FF01566772FA8D5CA1 /* Security.framework in Frameworks */,
			);
			runOnlyForDeploymentPostprocessing = 0;
		};
		C72D663260024601925F9DAA /* Frameworks */ = {
			isa = PBXFrameworksBuildPhase;
			buildActionMask = 2147483647;
			files = (
				349D816981AE8E516D82D0A2 /* Cocoa.framework in Frameworks */,
				1B4185781B0841C65F55C83C /* libRemoraCore.a in Frameworks */,
				0246E7DEF0E5FEDD9D655CF5 /* libRemoraTerminal.a in Frameworks */,
				DC5625601088568B9E059C63 /* SwiftUI.framework in Frameworks */,
				DAAE85722AFDF84A3E40AFAC /* AppKit.framework in Frameworks */,
			);
			runOnlyForDeploymentPostprocessing = 0;
		};
/* End PBXFrameworksBuildPhase section */

/* Begin PBXGroup section */
		04F17955ED444D750977FD72 /* Resources */ = {
			isa = PBXGroup;
			children = (
				8A3A15E54EDD038D1F52EB54 /* Localizable.strings */,
			);
			name = Resources;
			path = Resources;
			sourceTree = "<group>";
		};
		34E281F3803547046877785A /* RemoraCore */ = {
			isa = PBXGroup;
			children = (
				FA69FF4754E7BC415E0E3148 /* RingByteBuffer.swift */,
				11DD8CE01CA822E196A59E42 /* PerformanceMetrics.swift */,
				957310D44A3B300D0B0CE8C0 /* Host.swift */,
				9843659EACA521BE83C59A58 /* RemoteFileModels.swift */,
				B7FB6152BE124955ED15FF6A /* TerminalSessionDescriptor.swift */,
				136595E04C14D067EFB09064 /* SFTPProtocols.swift */,
				8BE89918FF473FC6D3CCDCEA /* SSHProtocols.swift */,
				9B86082388B784D5A1CF9C2E /* SessionManagerProtocol.swift */,
				2474CDC1A77947526B860124 /* DisconnectedSFTPClient.swift */,
				A4B824B28E2A8B213B100B7E /* MockSFTPClient.swift */,
				2ED6AAC40BD52E2C78BCE005 /* SystemSFTPClient.swift */,
				0664B027F5DEF362DFE4AD15 /* LocalShellClient.swift */,
				19A24A28F34BA451A8BFA6D4 /* MockSSHClient.swift */,
				D80E075751804A77573752F1 /* SSHConnectionReuse.swift */,
				E0A01F62B67131DA1B44D1E4 /* SystemSSHClient.swift */,
				D9E89D0D84728A6DB1D7FA3E /* CredentialStore.swift */,
				25F6DCCD606D760AA446C2C2 /* HostKeyStore.swift */,
				800FCF2C360541E7372AFF19 /* SessionManager.swift */,
			);
			name = RemoraCore;
			path = RemoraCore;
			sourceTree = "<group>";
		};
		728E54C765A875457968FB82 /* Products */ = {
			isa = PBXGroup;
			children = (
				183C9C7A48916EAE405DD3B9 /* libRemoraCore.a */,
				7A3E4FB67A287F7C8F54683D /* libRemoraTerminal.a */,
				D6EF1F1A7A7270D97692902D /* Remora.app */,
			);
			name = Products;
			sourceTree = "<group>";
		};
		9804936E2D1E206AE49E20AD /* Resources */ = {
			isa = PBXGroup;
			children = (
				3384DAA794A3AB0BAF40A9FE /* Assets.xcassets */,
			);
			name = Resources;
			path = Resources;
			sourceTree = "<group>";
		};
		9C74619B0C53DECF929C1E23 /* RemoraTerminal */ = {
			isa = PBXGroup;
			children = (
				A2269B9FC5D739BC732ABB42 /* ANSIParser.swift */,
				5C29386C09ADB8EECD252D0D /* TerminalInputMapper.swift */,
				A765C5297F1DB2F450FCB4F2 /* ScreenBuffer.swift */,
				C59D887A5D76EC28117CF885 /* ScrollbackStore.swift */,
				ABE11E6DDF4C4FF7B5C8466E /* TerminalCell.swift */,
				A2CEE48A611D0DF82EB273DF /* TerminalColor.swift */,
				443CBFD92F6DD9A9EE528081 /* TerminalLine.swift */,
				62513E841169F0B0AF833710 /* UnicodeCellWidth.swift */,
				E08D99270D73862911E5C817 /* CoreTextTerminalRenderer.swift */,
				D7FF75364C8BBDF763F1A1EC /* GlyphCache.swift */,
				3B5639ADA455214092AABED4 /* FrameScheduler.swift */,
				A526949F343852996F72E57C /* TerminalView.swift */,
			);
			name = RemoraTerminal;
			path = RemoraTerminal;
			sourceTree = "<group>";
		};
		9F5C82F248F938F3E5DFEA58 = {
			isa = PBXGroup;
			children = (
				728E54C765A875457968FB82 /* Products */,
				B01A88C33AFBA67A5B07499C /* Frameworks */,
				F3ECC554258DD40894D0BD6D /* Sources */,
				9804936E2D1E206AE49E20AD /* Resources */,
				C68011CAC8245EE88EEDC073 /* scripts */,
			);
			sourceTree = "<group>";
		};
		B01A88C33AFBA67A5B07499C /* Frameworks */ = {
			isa = PBXGroup;
			children = (
				FB8AAAD1A3EFB1B536C977E4 /* OS X */,
			);
			name = Frameworks;
			sourceTree = "<group>";
		};
		C68011CAC8245EE88EEDC073 /* scripts */ = {
			isa = PBXGroup;
			children = (
				3F1F55C14867EFEAECC3E857 /* package_macos.sh */,
			);
			name = scripts;
			path = scripts;
			sourceTree = "<group>";
		};
		F3ECC554258DD40894D0BD6D /* Sources */ = {
			isa = PBXGroup;
			children = (
				34E281F3803547046877785A /* RemoraCore */,
				9C74619B0C53DECF929C1E23 /* RemoraTerminal */,
				FFF14E3B4C6BC517E685FF7A /* RemoraApp */,
			);
			name = Sources;
			path = Sources;
			sourceTree = "<group>";
		};
		FB8AAAD1A3EFB1B536C977E4 /* OS X */ = {
			isa = PBXGroup;
			children = (
				4952D3353AD1387ED33E5BF3 /* Cocoa.framework */,
				7EA02452C747AA53AE92AAFC /* Security.framework */,
				7248D3B87C687710DA0A8B49 /* AppKit.framework */,
				DF2F89B0DA28A10A82BB9C0F /* CoreText.framework */,
				9D294464A275B3B19B378793 /* QuartzCore.framework */,
				D80C3AC03046F0678089B1F6 /* SwiftUI.framework */,
			);
			name = "OS X";
			sourceTree = "<group>";
		};
		FFF14E3B4C6BC517E685FF7A /* RemoraApp */ = {
			isa = PBXGroup;
			children = (
				04F17955ED444D750977FD72 /* Resources */,
				04B598B2E5B5CB2A4D8140C4 /* AppAppearance.swift */,
				2EB17B648A9F26F397A0952D /* AppKeyboardShortcuts.swift */,
				825FEE45B504B6F884EF818E /* AppLanguage.swift */,
				E5CF50824DA0846E536F9EFA /* AppSettings.swift */,
				BCB4CEF41D230D3CB157CB37 /* ByteSizeFormatter.swift */,
				D0CBAC6513041C6DB492A8F0 /* ConnectionInfoPasswordCopyConsentGate.swift */,
				EFC1681DF4D988F11AF8E429 /* ContentView.swift */,
				DF393D1E4079FB2396EA1DC3 /* FileManagerPanelView.swift */,
				81BDFC3D49EABBAC44F5178B /* FileTransferViewModel.swift */,
				A9AF75663F2A4DCBD0413E95 /* HostCatalog.swift */,
				C71B536B5383F84D91455275 /* HostCatalogPersistence.swift */,
				E9B4F6F43749F374DD9C465A /* HostConnectionClipboardBuilder.swift */,
				FFF289A9DF3B5FCB20FAEF20 /* HostConnectionExporter.swift */,
				6367A2F3C908D23EE4D67594 /* HostConnectionImportSource.swift */,
				4D3870ACD2B541B56D80E295 /* HostConnectionImporter.swift */,
				E7A1AB55E62348F6C4DF3985 /* L10n.swift */,
				13D084723235DF305AD14936 /* LocalizationHelpers.swift */,
				FA76D2C9875830BB0DC6B4CF /* PasswordSaveConsentGate.swift */,
				F449FE5F6AF3340810BDBB42 /* RemoraAppMain.swift */,
				A7E996118A5B47AD2B2465CB /* RemoraSettingsSheet.swift */,
				C01BCAE8D56235DDCD432339 /* RemoteDropRouting.swift */,
				C04ADA81D8214CDE2E9C636C /* RemoteFilePropertiesSheet.swift */,
				77A18FB7F170736A6835F4E7 /* RemoteFilePropertiesViewModel.swift */,
				B4367878421355A8E0BC3009 /* RemoteListSelection.swift */,
				6028066B0A0BEAC7D359BC11 /* RemoteTextEditorSheet.swift */,
				2FF4903A11F492B321439BF0 /* RemoteTextEditorViewModel.swift */,
				2EBA1D8862250A2CAD986790 /* ServerMetricsCenter.swift */,
				2A43194F6A018EDA8625B889 /* ServerStatusWindow.swift */,
				8979CBF2E3EFCFAF1B73C002 /* TerminalDirectorySyncBridge.swift */,
				7D844D5F551EDAC4F2C70BD8 /* TerminalPaneView.swift */,
				0D10750E7B68B5EA2F61695D /* TerminalRuntime.swift */,
				3FF92DD9B9F688FA4938491C /* TerminalViewRepresentable.swift */,
				5120BF1942D71D6DDA8BB72C /* TransferCenter.swift */,
				65FCB302382AD607E65F19A7 /* VisualStyle.swift */,
				3941594D0EEC21AF95834752 /* WorkspaceViewModel.swift */,
			);
			name = RemoraApp;
			path = RemoraApp;
			sourceTree = "<group>";
		};
/* End PBXGroup section */

/* Begin PBXHeadersBuildPhase section */
		3866A0A1A8F8C0CF1BDFE1E2 /* Headers */ = {
			isa = PBXHeadersBuildPhase;
			buildActionMask = 2147483647;
			files = (
			);
			runOnlyForDeploymentPostprocessing = 0;
		};
		F71BE24E30445FA91BF8DD62 /* Headers */ = {
			isa = PBXHeadersBuildPhase;
			buildActionMask = 2147483647;
			files = (
			);
			runOnlyForDeploymentPostprocessing = 0;
		};
/* End PBXHeadersBuildPhase section */

/* Begin PBXNativeTarget section */
		03E6A3FB0FC3892413B6B5FE /* RemoraTerminal */ = {
			isa = PBXNativeTarget;
			buildConfigurationList = AA78CE71A7FDD9652D0781FA /* Build configuration list for PBXNativeTarget "RemoraTerminal" */;
			buildPhases = (
				3866A0A1A8F8C0CF1BDFE1E2 /* Headers */,
				2798669FEC4901622FF38BDB /* Sources */,
				270410C653E23E2552BA45F1 /* Frameworks */,
			);
			buildRules = (
			);
			dependencies = (
				FF4A31610EBAC363FF3C8E12 /* PBXTargetDependency */,
			);
			name = RemoraTerminal;
			productName = RemoraTerminal;
			productReference = 7A3E4FB67A287F7C8F54683D /* libRemoraTerminal.a */;
			productType = "com.apple.product-type.library.static";
		};
		46FCB69D528FCB5A97B7013E /* RemoraCore */ = {
			isa = PBXNativeTarget;
			buildConfigurationList = 147194D2D95396DC428EAE22 /* Build configuration list for PBXNativeTarget "RemoraCore" */;
			buildPhases = (
				F71BE24E30445FA91BF8DD62 /* Headers */,
				4F04A16F5C896170F885BAE6 /* Sources */,
				6D571DE950C36E651749C2D0 /* Frameworks */,
			);
			buildRules = (
			);
			dependencies = (
			);
			name = RemoraCore;
			productName = RemoraCore;
			productReference = 183C9C7A48916EAE405DD3B9 /* libRemoraCore.a */;
			productType = "com.apple.product-type.library.static";
		};
		EE6856CDEB0643116691F281 /* Remora */ = {
			isa = PBXNativeTarget;
			buildConfigurationList = F8B2EF3E1FA5216DFA64E8A5 /* Build configuration list for PBXNativeTarget "Remora" */;
			buildPhases = (
				90CBD8765F3A188D034CA7E1 /* Sources */,
				C72D663260024601925F9DAA /* Frameworks */,
				C010F21AE84B462F00B44342 /* Resources */,
			);
			buildRules = (
			);
			dependencies = (
				88DCEF2A840DA56E8DC98560 /* PBXTargetDependency */,
				C8635C7BC154D9A41A2AF6B4 /* PBXTargetDependency */,
			);
			name = Remora;
			productName = Remora;
			productReference = D6EF1F1A7A7270D97692902D /* Remora.app */;
			productType = "com.apple.product-type.application";
		};
/* End PBXNativeTarget section */

/* Begin PBXProject section */
		7A206DFA4FE4D71F68EBBE52 /* Project object */ = {
			isa = PBXProject;
			attributes = {
				LastSwiftUpdateCheck = 2600;
				LastUpgradeCheck = 2600;
			};
			buildConfigurationList = A9C8F1D0F1CC42B2F05563C8 /* Build configuration list for PBXProject "Remora" */;
			compatibilityVersion = "Xcode 3.2";
			developmentRegion = en;
			hasScannedForEncodings = 0;
			knownRegions = (
				en,
				"zh-Hans",
			);
			mainGroup = 9F5C82F248F938F3E5DFEA58;
			productRefGroup = 728E54C765A875457968FB82 /* Products */;
			projectDirPath = "";
			projectRoot = "";
			targets = (
				46FCB69D528FCB5A97B7013E /* RemoraCore */,
				03E6A3FB0FC3892413B6B5FE /* RemoraTerminal */,
				EE6856CDEB0643116691F281 /* Remora */,
			);
		};
/* End PBXProject section */

/* Begin PBXResourcesBuildPhase section */
		C010F21AE84B462F00B44342 /* Resources */ = {
			isa = PBXResourcesBuildPhase;
			buildActionMask = 2147483647;
			files = (
				ACE5CCEE27373979DF55FE33 /* Localizable.strings in Resources */,
				A578794FDD3684E4EBC427F5 /* Assets.xcassets in Resources */,
			);
			runOnlyForDeploymentPostprocessing = 0;
		};
/* End PBXResourcesBuildPhase section */

/* Begin PBXSourcesBuildPhase section */
		2798669FEC4901622FF38BDB /* Sources */ = {
			isa = PBXSourcesBuildPhase;
			buildActionMask = 2147483647;
			files = (
				656B52A8B6B6592F15629769 /* ANSIParser.swift in Sources */,
				6E3DCE094B5FDE1779EB8C9B /* TerminalInputMapper.swift in Sources */,
				0094C629E4BA0781CDB48185 /* ScreenBuffer.swift in Sources */,
				F48279FD56C863FA80E65F95 /* ScrollbackStore.swift in Sources */,
				334F65DB5080475BA0FE404F /* TerminalCell.swift in Sources */,
				A4765D638BC516937B7EB63B /* TerminalColor.swift in Sources */,
				01759E31931AD97BE4EB311B /* TerminalLine.swift in Sources */,
				C9F515F24D694264779CCB05 /* UnicodeCellWidth.swift in Sources */,
				A37B603451D0568299DE426C /* CoreTextTerminalRenderer.swift in Sources */,
				F79EC206E32226963408233D /* GlyphCache.swift in Sources */,
				B17A16C8B9A9710C797E8951 /* FrameScheduler.swift in Sources */,
				C5A426F4C35539B4EFE378AB /* TerminalView.swift in Sources */,
			);
			runOnlyForDeploymentPostprocessing = 0;
		};
		4F04A16F5C896170F885BAE6 /* Sources */ = {
			isa = PBXSourcesBuildPhase;
			buildActionMask = 2147483647;
			files = (
				FEB9A69C3B4ED074B9BFAAEB /* RingByteBuffer.swift in Sources */,
				D8CF7B2F22802088F37D2B50 /* PerformanceMetrics.swift in Sources */,
				27E6612929F35DDB47947090 /* Host.swift in Sources */,
				5764A3C20F106130324AE57B /* RemoteFileModels.swift in Sources */,
				4152D36087784CDC0431A86D /* TerminalSessionDescriptor.swift in Sources */,
				E6312E4853CEC5FA9A9A8326 /* SFTPProtocols.swift in Sources */,
				8C6AC2220D759DFED69C2213 /* SSHProtocols.swift in Sources */,
				DBAAD1418A11DA7EB95E95F8 /* SessionManagerProtocol.swift in Sources */,
				35237FBE02D47616D825BD62 /* DisconnectedSFTPClient.swift in Sources */,
				EAF6D145C8E3C35D9C75B7B6 /* MockSFTPClient.swift in Sources */,
				F2087B0B6D01BB538C8800E9 /* SystemSFTPClient.swift in Sources */,
				5D8B90DDA4C7006810A01786 /* LocalShellClient.swift in Sources */,
				01070D909622F00668CDCF6C /* MockSSHClient.swift in Sources */,
				B7E534CF146B52B9FFA1FFAF /* SSHConnectionReuse.swift in Sources */,
				A7115EB85F0C373C5ED751B8 /* SystemSSHClient.swift in Sources */,
				04F3FAA182A4DB537EAA9E68 /* CredentialStore.swift in Sources */,
				83D207B319D08FF6586EF409 /* HostKeyStore.swift in Sources */,
				ECA972588EC862321B69FC5B /* SessionManager.swift in Sources */,
			);
			runOnlyForDeploymentPostprocessing = 0;
		};
		90CBD8765F3A188D034CA7E1 /* Sources */ = {
			isa = PBXSourcesBuildPhase;
			buildActionMask = 2147483647;
			files = (
				0E419739E43605B6D3E3C72A /* AppAppearance.swift in Sources */,
				B7627620B9EF4D94C01B5718 /* AppKeyboardShortcuts.swift in Sources */,
				8BD17DBFB351AE727ACD27FA /* AppLanguage.swift in Sources */,
				FE7DD6DF18E61C4B776442F8 /* AppSettings.swift in Sources */,
				2EAE5632BFEB7DD5C5A8055D /* ByteSizeFormatter.swift in Sources */,
				158869D67CF1C786305579BF /* ConnectionInfoPasswordCopyConsentGate.swift in Sources */,
				C22018DB3D56DDCFB0990B31 /* ContentView.swift in Sources */,
				74BF3D09880784720BDC4E20 /* FileManagerPanelView.swift in Sources */,
				A4943A47045FDE7E999581CB /* FileTransferViewModel.swift in Sources */,
				2388BE257F6844AFB54C9E86 /* HostCatalog.swift in Sources */,
				FDD5537774E1F3BA821A0AE0 /* HostCatalogPersistence.swift in Sources */,
				9D58BA228D2C488893DCFFB7 /* HostConnectionClipboardBuilder.swift in Sources */,
				23C060F06F845FCAAE2D4854 /* HostConnectionExporter.swift in Sources */,
				698A52243CAFC58C7069F09D /* HostConnectionImportSource.swift in Sources */,
				19A19B68A7FBC5C7B184A1A1 /* HostConnectionImporter.swift in Sources */,
				0ED9A3DE8DA42B9497189BE9 /* L10n.swift in Sources */,
				65FFD40C8E259E6F7177C939 /* LocalizationHelpers.swift in Sources */,
				18352CDF2318438B04FA388F /* PasswordSaveConsentGate.swift in Sources */,
				C8C1B44B07DD4AB21D61F397 /* RemoraAppMain.swift in Sources */,
				8B8F6434C3D2E246E640A25F /* RemoraSettingsSheet.swift in Sources */,
				69836AB84FC3C351470B6A65 /* RemoteDropRouting.swift in Sources */,
				E7095776614B180ABD583FC4 /* RemoteFilePropertiesSheet.swift in Sources */,
				CCF52E831B9DA1F074281E78 /* RemoteFilePropertiesViewModel.swift in Sources */,
				4E7BABFE14AF325E33FF6557 /* RemoteListSelection.swift in Sources */,
				C25A99AECB9676EF34E6A29B /* RemoteTextEditorSheet.swift in Sources */,
				12E0F764401B23715C3F0036 /* RemoteTextEditorViewModel.swift in Sources */,
				23A219C679E2C014E8765A27 /* ServerMetricsCenter.swift in Sources */,
				46F9C89C42CB79A158B84941 /* ServerStatusWindow.swift in Sources */,
				C446D425637CF08E3596B847 /* TerminalDirectorySyncBridge.swift in Sources */,
				6A7420C11B9DD34547B3F57A /* TerminalPaneView.swift in Sources */,
				854C2215F72BACEFAD1AC9BB /* TerminalRuntime.swift in Sources */,
				FDB655955933DC21B220D0FC /* TerminalViewRepresentable.swift in Sources */,
				5886E3EFBB202828F6043B5B /* TransferCenter.swift in Sources */,
				72F0E903D86ED03EDFF55710 /* VisualStyle.swift in Sources */,
				18EB9EE28B8D56F7CC54416F /* WorkspaceViewModel.swift in Sources */,
			);
			runOnlyForDeploymentPostprocessing = 0;
		};
/* End PBXSourcesBuildPhase section */

/* Begin PBXTargetDependency section */
		88DCEF2A840DA56E8DC98560 /* PBXTargetDependency */ = {
			isa = PBXTargetDependency;
			name = RemoraCore;
			target = 46FCB69D528FCB5A97B7013E /* RemoraCore */;
			targetProxy = 843D04BEC4076DC702060329 /* PBXContainerItemProxy */;
		};
		C8635C7BC154D9A41A2AF6B4 /* PBXTargetDependency */ = {
			isa = PBXTargetDependency;
			name = RemoraTerminal;
			target = 03E6A3FB0FC3892413B6B5FE /* RemoraTerminal */;
			targetProxy = 2E7B72D40A475A2F222F3216 /* PBXContainerItemProxy */;
		};
		FF4A31610EBAC363FF3C8E12 /* PBXTargetDependency */ = {
			isa = PBXTargetDependency;
			name = RemoraCore;
			target = 46FCB69D528FCB5A97B7013E /* RemoraCore */;
			targetProxy = FA81DC79F44D0F1462F32BAC /* PBXContainerItemProxy */;
		};
/* End PBXTargetDependency section */

/* Begin PBXVariantGroup section */
		8A3A15E54EDD038D1F52EB54 /* Localizable.strings */ = {
			isa = PBXVariantGroup;
			children = (
				C4565DD32E4B4715F2C642EB /* Localizable.strings */,
				C8B27AE76476599F0E94E63C /* Localizable.strings */,
			);
			name = Localizable.strings;
			sourceTree = "<group>";
		};
/* End PBXVariantGroup section */

/* Begin XCBuildConfiguration section */
		044B4401E81BF991C12929D2 /* Debug */ = {
			isa = XCBuildConfiguration;
			buildSettings = {
				CLANG_ENABLE_MODULES = YES;
				CODE_SIGNING_ALLOWED = NO;
				CODE_SIGNING_REQUIRED = NO;
				CODE_SIGN_IDENTITY = "";
				DEFINES_MODULE = YES;
				EXECUTABLE_PREFIX = lib;
				MACOSX_DEPLOYMENT_TARGET = 14.0;
				PRODUCT_NAME = "$(TARGET_NAME)";
				SDKROOT = macosx;
				SKIP_INSTALL = YES;
				SWIFT_VERSION = 6.0;
			};
			name = Debug;
		};
		087E732EE7693A0AAF2301F8 /* Release */ = {
			isa = XCBuildConfiguration;
			buildSettings = {
				CLANG_ENABLE_MODULES = YES;
				CODE_SIGNING_ALLOWED = NO;
				CODE_SIGNING_REQUIRED = NO;
				CODE_SIGN_IDENTITY = "";
				DEFINES_MODULE = YES;
				EXECUTABLE_PREFIX = lib;
				MACOSX_DEPLOYMENT_TARGET = 14.0;
				PRODUCT_NAME = "$(TARGET_NAME)";
				SDKROOT = macosx;
				SKIP_INSTALL = YES;
				SWIFT_VERSION = 6.0;
			};
			name = Release;
		};
		109AC241E9524E64A1C08794 /* Release */ = {
			isa = XCBuildConfiguration;
			buildSettings = {
				CLANG_ENABLE_MODULES = YES;
				CODE_SIGNING_ALLOWED = NO;
				CODE_SIGNING_REQUIRED = NO;
				CODE_SIGN_IDENTITY = "";
				DEFINES_MODULE = YES;
				EXECUTABLE_PREFIX = lib;
				MACOSX_DEPLOYMENT_TARGET = 14.0;
				PRODUCT_NAME = "$(TARGET_NAME)";
				SDKROOT = macosx;
				SKIP_INSTALL = YES;
				SWIFT_VERSION = 6.0;
			};
			name = Release;
		};
		3C377CF7D49CB0C288F9DCDD /* Debug */ = {
			isa = XCBuildConfiguration;
			buildSettings = {
				ASSETCATALOG_COMPILER_APPICON_NAME = AppIcon;
				ASSETCATALOG_COMPILER_GENERATE_SWIFT_ASSET_SYMBOL_EXTENSIONS = NO;
				ASSETCATALOG_COMPILER_GLOBAL_ACCENT_COLOR_NAME = AccentColor;
				CLANG_ENABLE_MODULES = YES;
				CODE_SIGNING_ALLOWED = NO;
				CODE_SIGNING_REQUIRED = NO;
				CODE_SIGN_IDENTITY = "";
				COMBINE_HIDPI_IMAGES = YES;
				GENERATE_INFOPLIST_FILE = YES;
				INFOPLIST_KEY_CFBundleDisplayName = Remora;
				INFOPLIST_KEY_CFBundleExecutable = "$(EXECUTABLE_NAME)";
				INFOPLIST_KEY_CFBundleName = Remora;
				INFOPLIST_KEY_LSApplicationCategoryType = "public.app-category.developer-tools";
				INFOPLIST_KEY_NSHighResolutionCapable = YES;
				LD_RUNPATH_SEARCH_PATHS = "$(inherited) @executable_path/../Frameworks";
				MACOSX_DEPLOYMENT_TARGET = 14.0;
				PRODUCT_BUNDLE_IDENTIFIER = io.github.wuujiawei.remora;
				PRODUCT_NAME = Remora;
				SDKROOT = macosx;
				SWIFT_VERSION = 6.0;
			};
			name = Debug;
		};
		4FEA483DE5F9B9C371FAB3B1 /* Release */ = {
			isa = XCBuildConfiguration;
			buildSettings = {
				ALWAYS_SEARCH_USER_PATHS = NO;
				CLANG_ANALYZER_NONNULL = YES;
				CLANG_ANALYZER_NUMBER_OBJECT_CONVERSION = YES_AGGRESSIVE;
				CLANG_CXX_LANGUAGE_STANDARD = "gnu++14";
				CLANG_CXX_LIBRARY = "libc++";
				CLANG_ENABLE_MODULES = YES;
				CLANG_ENABLE_OBJC_ARC = YES;
				CLANG_ENABLE_OBJC_WEAK = YES;
				CLANG_WARN_BLOCK_CAPTURE_AUTORELEASING = YES;
				CLANG_WARN_BOOL_CONVERSION = YES;
				CLANG_WARN_COMMA = YES;
				CLANG_WARN_CONSTANT_CONVERSION = YES;
				CLANG_WARN_DEPRECATED_OBJC_IMPLEMENTATIONS = YES;
				CLANG_WARN_DIRECT_OBJC_ISA_USAGE = YES_ERROR;
				CLANG_WARN_DOCUMENTATION_COMMENTS = YES;
				CLANG_WARN_EMPTY_BODY = YES;
				CLANG_WARN_ENUM_CONVERSION = YES;
				CLANG_WARN_INFINITE_RECURSION = YES;
				CLANG_WARN_INT_CONVERSION = YES;
				CLANG_WARN_NON_LITERAL_NULL_CONVERSION = YES;
				CLANG_WARN_OBJC_IMPLICIT_RETAIN_SELF = YES;
				CLANG_WARN_OBJC_LITERAL_CONVERSION = YES;
				CLANG_WARN_OBJC_ROOT_CLASS = YES_ERROR;
				CLANG_WARN_QUOTED_INCLUDE_IN_FRAMEWORK_HEADER = YES;
				CLANG_WARN_RANGE_LOOP_ANALYSIS = YES;
				CLANG_WARN_STRICT_PROTOTYPES = YES;
				CLANG_WARN_SUSPICIOUS_MOVE = YES;
				CLANG_WARN_UNGUARDED_AVAILABILITY = YES_AGGRESSIVE;
				CLANG_WARN_UNREACHABLE_CODE = YES;
				CLANG_WARN__DUPLICATE_METHOD_MATCH = YES;
				CODE_SIGNING_ALLOWED = NO;
				CODE_SIGNING_REQUIRED = NO;
				CODE_SIGN_IDENTITY = "";
				COPY_PHASE_STRIP = NO;
				CURRENT_PROJECT_VERSION = 1;
				DEBUG_INFORMATION_FORMAT = "dwarf-with-dsym";
				ENABLE_NS_ASSERTIONS = NO;
				ENABLE_STRICT_OBJC_MSGSEND = YES;
				GCC_C_LANGUAGE_STANDARD = gnu11;
				GCC_NO_COMMON_BLOCKS = YES;
				GCC_WARN_64_TO_32_BIT_CONVERSION = YES;
				GCC_WARN_ABOUT_RETURN_TYPE = YES_ERROR;
				GCC_WARN_UNDECLARED_SELECTOR = YES;
				GCC_WARN_UNINITIALIZED_AUTOS = YES_AGGRESSIVE;
				GCC_WARN_UNUSED_FUNCTION = YES;
				GCC_WARN_UNUSED_VARIABLE = YES;
				MACOSX_DEPLOYMENT_TARGET = 14.0;
				MARKETING_VERSION = 0.10.7;
				MTL_ENABLE_DEBUG_INFO = NO;
				MTL_FAST_MATH = YES;
				PRODUCT_NAME = "$(TARGET_NAME)";
				SWIFT_COMPILATION_MODE = wholemodule;
				SWIFT_OPTIMIZATION_LEVEL = "-O";
				SWIFT_VERSION = 6.0;
			};
			name = Release;
		};
		A73382EF60B1D43DBC850EA2 /* Debug */ = {
			isa = XCBuildConfiguration;
			buildSettings = {
				ALWAYS_SEARCH_USER_PATHS = NO;
				CLANG_ANALYZER_NONNULL = YES;
				CLANG_ANALYZER_NUMBER_OBJECT_CONVERSION = YES_AGGRESSIVE;
				CLANG_CXX_LANGUAGE_STANDARD = "gnu++14";
				CLANG_CXX_LIBRARY = "libc++";
				CLANG_ENABLE_MODULES = YES;
				CLANG_ENABLE_OBJC_ARC = YES;
				CLANG_ENABLE_OBJC_WEAK = YES;
				CLANG_WARN_BLOCK_CAPTURE_AUTORELEASING = YES;
				CLANG_WARN_BOOL_CONVERSION = YES;
				CLANG_WARN_COMMA = YES;
				CLANG_WARN_CONSTANT_CONVERSION = YES;
				CLANG_WARN_DEPRECATED_OBJC_IMPLEMENTATIONS = YES;
				CLANG_WARN_DIRECT_OBJC_ISA_USAGE = YES_ERROR;
				CLANG_WARN_DOCUMENTATION_COMMENTS = YES;
				CLANG_WARN_EMPTY_BODY = YES;
				CLANG_WARN_ENUM_CONVERSION = YES;
				CLANG_WARN_INFINITE_RECURSION = YES;
				CLANG_WARN_INT_CONVERSION = YES;
				CLANG_WARN_NON_LITERAL_NULL_CONVERSION = YES;
				CLANG_WARN_OBJC_IMPLICIT_RETAIN_SELF = YES;
				CLANG_WARN_OBJC_LITERAL_CONVERSION = YES;
				CLANG_WARN_OBJC_ROOT_CLASS = YES_ERROR;
				CLANG_WARN_QUOTED_INCLUDE_IN_FRAMEWORK_HEADER = YES;
				CLANG_WARN_RANGE_LOOP_ANALYSIS = YES;
				CLANG_WARN_STRICT_PROTOTYPES = YES;
				CLANG_WARN_SUSPICIOUS_MOVE = YES;
				CLANG_WARN_UNGUARDED_AVAILABILITY = YES_AGGRESSIVE;
				CLANG_WARN_UNREACHABLE_CODE = YES;
				CLANG_WARN__DUPLICATE_METHOD_MATCH = YES;
				CODE_SIGNING_ALLOWED = NO;
				CODE_SIGNING_REQUIRED = NO;
				CODE_SIGN_IDENTITY = "";
				COPY_PHASE_STRIP = NO;
				CURRENT_PROJECT_VERSION = 1;
				DEBUG_INFORMATION_FORMAT = dwarf;
				ENABLE_STRICT_OBJC_MSGSEND = YES;
				ENABLE_TESTABILITY = YES;
				GCC_C_LANGUAGE_STANDARD = gnu11;
				GCC_DYNAMIC_NO_PIC = NO;
				GCC_NO_COMMON_BLOCKS = YES;
				GCC_OPTIMIZATION_LEVEL = 0;
				GCC_PREPROCESSOR_DEFINITIONS = (
					"DEBUG=1",
					"$(inherited)",
				);
				GCC_WARN_64_TO_32_BIT_CONVERSION = YES;
				GCC_WARN_ABOUT_RETURN_TYPE = YES_ERROR;
				GCC_WARN_UNDECLARED_SELECTOR = YES;
				GCC_WARN_UNINITIALIZED_AUTOS = YES_AGGRESSIVE;
				GCC_WARN_UNUSED_FUNCTION = YES;
				GCC_WARN_UNUSED_VARIABLE = YES;
				MACOSX_DEPLOYMENT_TARGET = 14.0;
				MARKETING_VERSION = 0.10.7;
				MTL_ENABLE_DEBUG_INFO = INCLUDE_SOURCE;
				MTL_FAST_MATH = YES;
				ONLY_ACTIVE_ARCH = YES;
				PRODUCT_NAME = "$(TARGET_NAME)";
				SWIFT_ACTIVE_COMPILATION_CONDITIONS = DEBUG;
				SWIFT_OPTIMIZATION_LEVEL = "-Onone";
				SWIFT_VERSION = 6.0;
			};
			name = Debug;
		};
		FAAD5B49F48CC72873DD82B7 /* Release */ = {
			isa = XCBuildConfiguration;
			buildSettings = {
				ASSETCATALOG_COMPILER_APPICON_NAME = AppIcon;
				ASSETCATALOG_COMPILER_GENERATE_SWIFT_ASSET_SYMBOL_EXTENSIONS = NO;
				ASSETCATALOG_COMPILER_GLOBAL_ACCENT_COLOR_NAME = AccentColor;
				CLANG_ENABLE_MODULES = YES;
				CODE_SIGNING_ALLOWED = NO;
				CODE_SIGNING_REQUIRED = NO;
				CODE_SIGN_IDENTITY = "";
				COMBINE_HIDPI_IMAGES = YES;
				GENERATE_INFOPLIST_FILE = YES;
				INFOPLIST_KEY_CFBundleDisplayName = Remora;
				INFOPLIST_KEY_CFBundleExecutable = "$(EXECUTABLE_NAME)";
				INFOPLIST_KEY_CFBundleName = Remora;
				INFOPLIST_KEY_LSApplicationCategoryType = "public.app-category.developer-tools";
				INFOPLIST_KEY_NSHighResolutionCapable = YES;
				LD_RUNPATH_SEARCH_PATHS = "$(inherited) @executable_path/../Frameworks";
				MACOSX_DEPLOYMENT_TARGET = 14.0;
				PRODUCT_BUNDLE_IDENTIFIER = io.github.wuujiawei.remora;
				PRODUCT_NAME = Remora;
				SDKROOT = macosx;
				SWIFT_VERSION = 6.0;
			};
			name = Release;
		};
		FFA080918C9C899873F4DC07 /* Debug */ = {
			isa = XCBuildConfiguration;
			buildSettings = {
				CLANG_ENABLE_MODULES = YES;
				CODE_SIGNING_ALLOWED = NO;
				CODE_SIGNING_REQUIRED = NO;
				CODE_SIGN_IDENTITY = "";
				DEFINES_MODULE = YES;
				EXECUTABLE_PREFIX = lib;
				MACOSX_DEPLOYMENT_TARGET = 14.0;
				PRODUCT_NAME = "$(TARGET_NAME)";
				SDKROOT = macosx;
				SKIP_INSTALL = YES;
				SWIFT_VERSION = 6.0;
			};
			name = Debug;
		};
/* End XCBuildConfiguration section */

/* Begin XCConfigurationList section */
		147194D2D95396DC428EAE22 /* Build configuration list for PBXNativeTarget "RemoraCore" */ = {
			isa = XCConfigurationList;
			buildConfigurations = (
				087E732EE7693A0AAF2301F8 /* Release */,
				FFA080918C9C899873F4DC07 /* Debug */,
			);
			defaultConfigurationIsVisible = 0;
			defaultConfigurationName = Release;
		};
		A9C8F1D0F1CC42B2F05563C8 /* Build configuration list for PBXProject "Remora" */ = {
			isa = XCConfigurationList;
			buildConfigurations = (
				A73382EF60B1D43DBC850EA2 /* Debug */,
				4FEA483DE5F9B9C371FAB3B1 /* Release */,
			);
			defaultConfigurationIsVisible = 0;
			defaultConfigurationName = Release;
		};
		AA78CE71A7FDD9652D0781FA /* Build configuration list for PBXNativeTarget "RemoraTerminal" */ = {
			isa = XCConfigurationList;
			buildConfigurations = (
				109AC241E9524E64A1C08794 /* Release */,
				044B4401E81BF991C12929D2 /* Debug */,
			);
			defaultConfigurationIsVisible = 0;
			defaultConfigurationName = Release;
		};
		F8B2EF3E1FA5216DFA64E8A5 /* Build configuration list for PBXNativeTarget "Remora" */ = {
			isa = XCConfigurationList;
			buildConfigurations = (
				FAAD5B49F48CC72873DD82B7 /* Release */,
				3C377CF7D49CB0C288F9DCDD /* Debug */,
			);
			defaultConfigurationIsVisible = 0;
			defaultConfigurationName = Release;
		};
/* End XCConfigurationList section */
	};
	rootObject = 7A206DFA4FE4D71F68EBBE52 /* Project object */;
}
